
Microsoft Visual Studio Solution File, Format Version 12.00
# Visual Studio Version 16
VisualStudioVersion = 16.0.31624.102
MinimumVisualStudioVersion = 10.0.40219.1
Project("{9A19103F-16F7-4668-BE54-9A1E7A4F7556}") = "BlazorCLC", "BlazorCLC\BlazorCLC.csproj", "{C0BA0404-AB0D-4026-A381-9A059DB52D3A}"
EndProject
Project("{9A19103F-16F7-4668-BE54-9A1E7A4F7556}") = "BlazorCLCTests", "BlazorCLCTests\BlazorCLCTests.csproj", "{F2018F6E-0BDC-4004-96CC-96BB7F388299}"
EndProject
Global
	GlobalSection(SolutionConfigurationPlatforms) = preSolution
		Debug|Any CPU = Debug|Any CPU
		Release|Any CPU = Release|Any CPU
	EndGlobalSection
	GlobalSection(ProjectConfigurationPlatforms) = postSolution
		{C0BA0404-AB0D-4026-A381-9A059DB52D3A}.Debug|Any CPU.ActiveCfg = Debug|Any CPU
		{C0BA0404-AB0D-4026-A381-9A059DB52D3A}.Debug|Any CPU.Build.0 = Debug|Any CPU
		{C0BA0404-AB0D-4026-A381-9A059DB52D3A}.Release|Any CPU.ActiveCfg = Release|Any CPU
		{C0BA0404-AB0D-4026-A381-9A059DB52D3A}.Release|Any CPU.Build.0 = Release|Any CPU
		{F2018F6E-0BDC-4004-96CC-96BB7F388299}.Debug|Any CPU.ActiveCfg = Debug|Any CPU
		{F2018F6E-0BDC-4004-96CC-96BB7F388299}.Debug|Any CPU.Build.0 = Debug|Any CPU
		{F2018F6E-0BDC-4004-96CC-96BB7F388299}.Release|Any CPU.ActiveCfg = Release|Any CPU
		{F2018F6E-0BDC-4004-96CC-96BB7F388299}.Release|Any CPU.Build.0 = Release|Any CPU
	EndGlobalSection
	GlobalSection(SolutionProperties) = preSolution
		HideSolutionNode = FALSE
	EndGlobalSection
	GlobalSection(ExtensibilityGlobals) = postSolution
		SolutionGuid = {556D9EF3-3EE2-4C88-A1B0-0F3B1B4C835E}
	EndGlobalSection
EndGlobal
